
Microsoft Visual Studio Solution File, Format Version 12.00
# Visual Studio Version 17
VisualStudioVersion = 17.0.31903.59
MinimumVisualStudioVersion = 10.0.40219.1
Project("{FAE04EC0-301F-11D3-BF4B-00C04F79EFBC}") = "PatientService", "PatientService\PatientService.csproj", "{54A67609-6673-4767-A557-F3F0127C7ED8}"
EndProject
Project("{FAE04EC0-301F-11D3-BF4B-00C04F79EFBC}") = "ImageService", "ImageService\ImageService.csproj", "{2FCC8122-BAC2-489F-8F9B-B1FEAD3EEA05}"
EndProject
Global
	GlobalSection(SolutionConfigurationPlatforms) = preSolution
		Debug|Any CPU = Debug|Any CPU
		Release|Any CPU = Release|Any CPU
	EndGlobalSection
	GlobalSection(SolutionProperties) = preSolution
		HideSolutionNode = FALSE
	EndGlobalSection
	GlobalSection(ProjectConfigurationPlatforms) = postSolution
		{54A67609-6673-4767-A557-F3F0127C7ED8}.Debug|Any CPU.ActiveCfg = Debug|Any CPU
		{54A67609-6673-4767-A557-F3F0127C7ED8}.Debug|Any CPU.Build.0 = Debug|Any CPU
		{54A67609-6673-4767-A557-F3F0127C7ED8}.Release|Any CPU.ActiveCfg = Release|Any CPU
		{54A67609-6673-4767-A557-F3F0127C7ED8}.Release|Any CPU.Build.0 = Release|Any CPU
		{2FCC8122-BAC2-489F-8F9B-B1FEAD3EEA05}.Debug|Any CPU.ActiveCfg = Debug|Any CPU
		{2FCC8122-BAC2-489F-8F9B-B1FEAD3EEA05}.Debug|Any CPU.Build.0 = Debug|Any CPU
		{2FCC8122-BAC2-489F-8F9B-B1FEAD3EEA05}.Release|Any CPU.ActiveCfg = Release|Any CPU
		{2FCC8122-BAC2-489F-8F9B-B1FEAD3EEA05}.Release|Any CPU.Build.0 = Release|Any CPU
	EndGlobalSection
EndGlobal
